
Microsoft Visual Studio Solution File, Format Version 12.00
# Visual Studio Version 17
VisualStudioVersion = 17.2.32616.157
MinimumVisualStudioVersion = 10.0.40219.1
Project("{FAE04EC0-301F-11D3-BF4B-00C04F79EFBC}") = "GrpcClient", "GrpcClient.csproj", "{BF580AA8-FCCD-47C5-AA73-260D24F59D09}"
EndProject
Global
	GlobalSection(SolutionConfigurationPlatforms) = preSolution
		Debug|Any CPU = Debug|Any CPU
		Release|Any CPU = Release|Any CPU
	EndGlobalSection
	GlobalSection(ProjectConfigurationPlatforms) = postSolution
		{BF580AA8-FCCD-47C5-AA73-260D24F59D09}.Debug|Any CPU.ActiveCfg = Debug|Any CPU
		{BF580AA8-FCCD-47C5-AA73-260D24F59D09}.Debug|Any CPU.Build.0 = Debug|Any CPU
		{BF580AA8-FCCD-47C5-AA73-260D24F59D09}.Release|Any CPU.ActiveCfg = Release|Any CPU
		{BF580AA8-FCCD-47C5-AA73-260D24F59D09}.Release|Any CPU.Build.0 = Release|Any CPU
	EndGlobalSection
	GlobalSection(SolutionProperties) = preSolution
		HideSolutionNode = FALSE
	EndGlobalSection
	GlobalSection(ExtensibilityGlobals) = postSolution
		SolutionGuid = {588CE4E2-9A67-4C52-B0B0-38DBB317DE92}
	EndGlobalSection
EndGlobal
